
Microsoft Visual Studio Solution File, Format Version 12.00
# Visual Studio Version 17
VisualStudioVersion = 17.11.35222.181
MinimumVisualStudioVersion = 10.0.40219.1
Project("{9A19103F-16F7-4668-BE54-9A1E7A4F7556}") = "AapRepository", "AapRepository\AapRepository.csproj", "{B8B55AAB-532B-49E2-8AEA-FFD8CD87D0AD}"
EndProject
Project("{9A19103F-16F7-4668-BE54-9A1E7A4F7556}") = "App.Model", "App.Model\App.Model.csproj", "{FBEA3F93-17C5-435A-9CD0-6CDA2A72A35A}"
EndProject
Project("{FAE04EC0-301F-11D3-BF4B-00C04F79EFBC}") = "AppCRMWeb", "AppCRMWeb\AppCRMWeb.csproj", "{EBAD9B23-82C0-44E8-BC4B-528E4C9AD613}"
EndProject
Global
	GlobalSection(SolutionConfigurationPlatforms) = preSolution
		Debug|Any CPU = Debug|Any CPU
		Release|Any CPU = Release|Any CPU
	EndGlobalSection
	GlobalSection(ProjectConfigurationPlatforms) = postSolution
		{B8B55AAB-532B-49E2-8AEA-FFD8CD87D0AD}.Debug|Any CPU.ActiveCfg = Debug|Any CPU
		{B8B55AAB-532B-49E2-8AEA-FFD8CD87D0AD}.Debug|Any CPU.Build.0 = Debug|Any CPU
		{B8B55AAB-532B-49E2-8AEA-FFD8CD87D0AD}.Release|Any CPU.ActiveCfg = Release|Any CPU
		{B8B55AAB-532B-49E2-8AEA-FFD8CD87D0AD}.Release|Any CPU.Build.0 = Release|Any CPU
		{FBEA3F93-17C5-435A-9CD0-6CDA2A72A35A}.Debug|Any CPU.ActiveCfg = Debug|Any CPU
		{FBEA3F93-17C5-435A-9CD0-6CDA2A72A35A}.Debug|Any CPU.Build.0 = Debug|Any CPU
		{FBEA3F93-17C5-435A-9CD0-6CDA2A72A35A}.Release|Any CPU.ActiveCfg = Release|Any CPU
		{FBEA3F93-17C5-435A-9CD0-6CDA2A72A35A}.Release|Any CPU.Build.0 = Release|Any CPU
		{EBAD9B23-82C0-44E8-BC4B-528E4C9AD613}.Debug|Any CPU.ActiveCfg = Debug|Any CPU
		{EBAD9B23-82C0-44E8-BC4B-528E4C9AD613}.Debug|Any CPU.Build.0 = Debug|Any CPU
		{EBAD9B23-82C0-44E8-BC4B-528E4C9AD613}.Release|Any CPU.ActiveCfg = Release|Any CPU
		{EBAD9B23-82C0-44E8-BC4B-528E4C9AD613}.Release|Any CPU.Build.0 = Release|Any CPU
	EndGlobalSection
	GlobalSection(SolutionProperties) = preSolution
		HideSolutionNode = FALSE
	EndGlobalSection
	GlobalSection(ExtensibilityGlobals) = postSolution
		SolutionGuid = {60382860-1DF7-4BCB-BFCB-323113D44C38}
	EndGlobalSection
EndGlobal
